
Microsoft Visual Studio Solution File, Format Version 12.00
# Visual Studio Version 16
VisualStudioVersion = 16.0.31005.135
MinimumVisualStudioVersion = 10.0.40219.1
Project("{2150E333-8FDC-42A3-9474-1A3956D46DE8}") = "1.Source", "1.Source", "{499DFB0E-CF3D-4AA3-8188-F6C347E0F2F3}"
EndProject
Project("{2150E333-8FDC-42A3-9474-1A3956D46DE8}") = "1.Code", "1.Code", "{D58B6A04-1E57-4FF5-B847-5041CB5D486A}"
EndProject
Project("{2150E333-8FDC-42A3-9474-1A3956D46DE8}") = "1. UIL", "1. UIL", "{A0780F2C-EF08-4A39-8FFE-C8F199B69620}"
EndProject
Project("{2150E333-8FDC-42A3-9474-1A3956D46DE8}") = "2. BLL", "2. BLL", "{01439E27-8D4E-4413-A20B-EDDE1FF25288}"
EndProject
Project("{2150E333-8FDC-42A3-9474-1A3956D46DE8}") = "3. DAL", "3. DAL", "{7B27018E-5253-4E36-B26C-7FB61A3FFBD1}"
EndProject
Project("{2150E333-8FDC-42A3-9474-1A3956D46DE8}") = "5. Service", "5. Service", "{FA505131-4F66-4F89-91D9-D66D77FDFDD1}"
EndProject
Project("{9A19103F-16F7-4668-BE54-9A1E7A4F7556}") = "GymBooking.BLL", "1. Source\1. Code\2. BLL\GymBooking.BLL\GymBooking.BLL.csproj", "{F84F7839-B318-474E-9995-5BE1248B4487}"
EndProject
Project("{FAE04EC0-301F-11D3-BF4B-00C04F79EFBC}") = "GymBooking.UIL", "1. Source\1. Code\1. UIL\GymBooking\GymBooking.UIL.csproj", "{740EEB1E-BE14-43F3-BE2B-07878B034600}"
EndProject
Project("{FAE04EC0-301F-11D3-BF4B-00C04F79EFBC}") = "GymBooking.DAL", "1. Source\1. Code\3. DAL\GymBooking.DAL\GymBooking.DAL\GymBooking.DAL.csproj", "{08B6D90D-03BC-4998-B41E-FC570900E2DA}"
EndProject
Project("{FAE04EC0-301F-11D3-BF4B-00C04F79EFBC}") = "GymBooking.Data", "1. Source\1. Code\3. DAL\GymBooking.DAL\GymBooking.Data\GymBooking.Data.csproj", "{598D836E-2902-4475-8DC7-AABD613E5E2E}"
EndProject
Global
	GlobalSection(SolutionConfigurationPlatforms) = preSolution
		Debug|Any CPU = Debug|Any CPU
		Release|Any CPU = Release|Any CPU
	EndGlobalSection
	GlobalSection(ProjectConfigurationPlatforms) = postSolution
		{F84F7839-B318-474E-9995-5BE1248B4487}.Debug|Any CPU.ActiveCfg = Debug|Any CPU
		{F84F7839-B318-474E-9995-5BE1248B4487}.Debug|Any CPU.Build.0 = Debug|Any CPU
		{F84F7839-B318-474E-9995-5BE1248B4487}.Release|Any CPU.ActiveCfg = Release|Any CPU
		{F84F7839-B318-474E-9995-5BE1248B4487}.Release|Any CPU.Build.0 = Release|Any CPU
		{740EEB1E-BE14-43F3-BE2B-07878B034600}.Debug|Any CPU.ActiveCfg = Debug|Any CPU
		{740EEB1E-BE14-43F3-BE2B-07878B034600}.Debug|Any CPU.Build.0 = Debug|Any CPU
		{740EEB1E-BE14-43F3-BE2B-07878B034600}.Release|Any CPU.ActiveCfg = Release|Any CPU
		{740EEB1E-BE14-43F3-BE2B-07878B034600}.Release|Any CPU.Build.0 = Release|Any CPU
		{08B6D90D-03BC-4998-B41E-FC570900E2DA}.Debug|Any CPU.ActiveCfg = Debug|Any CPU
		{08B6D90D-03BC-4998-B41E-FC570900E2DA}.Debug|Any CPU.Build.0 = Debug|Any CPU
		{08B6D90D-03BC-4998-B41E-FC570900E2DA}.Release|Any CPU.ActiveCfg = Release|Any CPU
		{08B6D90D-03BC-4998-B41E-FC570900E2DA}.Release|Any CPU.Build.0 = Release|Any CPU
		{598D836E-2902-4475-8DC7-AABD613E5E2E}.Debug|Any CPU.ActiveCfg = Debug|Any CPU
		{598D836E-2902-4475-8DC7-AABD613E5E2E}.Debug|Any CPU.Build.0 = Debug|Any CPU
		{598D836E-2902-4475-8DC7-AABD613E5E2E}.Release|Any CPU.ActiveCfg = Release|Any CPU
		{598D836E-2902-4475-8DC7-AABD613E5E2E}.Release|Any CPU.Build.0 = Release|Any CPU
	EndGlobalSection
	GlobalSection(SolutionProperties) = preSolution
		HideSolutionNode = FALSE
	EndGlobalSection
	GlobalSection(NestedProjects) = preSolution
		{D58B6A04-1E57-4FF5-B847-5041CB5D486A} = {499DFB0E-CF3D-4AA3-8188-F6C347E0F2F3}
		{A0780F2C-EF08-4A39-8FFE-C8F199B69620} = {D58B6A04-1E57-4FF5-B847-5041CB5D486A}
		{01439E27-8D4E-4413-A20B-EDDE1FF25288} = {D58B6A04-1E57-4FF5-B847-5041CB5D486A}
		{7B27018E-5253-4E36-B26C-7FB61A3FFBD1} = {D58B6A04-1E57-4FF5-B847-5041CB5D486A}
		{FA505131-4F66-4F89-91D9-D66D77FDFDD1} = {D58B6A04-1E57-4FF5-B847-5041CB5D486A}
		{F84F7839-B318-474E-9995-5BE1248B4487} = {01439E27-8D4E-4413-A20B-EDDE1FF25288}
		{740EEB1E-BE14-43F3-BE2B-07878B034600} = {A0780F2C-EF08-4A39-8FFE-C8F199B69620}
		{08B6D90D-03BC-4998-B41E-FC570900E2DA} = {7B27018E-5253-4E36-B26C-7FB61A3FFBD1}
		{598D836E-2902-4475-8DC7-AABD613E5E2E} = {7B27018E-5253-4E36-B26C-7FB61A3FFBD1}
	EndGlobalSection
	GlobalSection(ExtensibilityGlobals) = postSolution
		SolutionGuid = {5D9CC07F-33D7-4D73-B373-9345980E57CD}
	EndGlobalSection
EndGlobal
